
Microsoft Visual Studio Solution File, Format Version 12.00
# Visual Studio Version 17
VisualStudioVersion = 17.4.33103.184
MinimumVisualStudioVersion = 10.0.40219.1
Project("{8BC9CEB8-8B4A-11D0-8D11-00A0C91BC942}") = "MemoryStructure", "MemoryStructure\MemoryStructure.vcxproj", "{3A810FAA-8475-48A3-BCC6-8A01DB2819A9}"
EndProject
Project("{8BC9CEB8-8B4A-11D0-8D11-00A0C91BC942}") = "FunctionOverloading", "FunctionOverloading\FunctionOverloading.vcxproj", "{52E1F96B-6F3E-47AF-8595-086E8E166837}"
EndProject
Project("{8BC9CEB8-8B4A-11D0-8D11-00A0C91BC942}") = "Recursion", "Recursion\Recursion.vcxproj", "{62ABE5FA-A90E-401D-9C4D-626F8D47DA8B}"
EndProject
Project("{8BC9CEB8-8B4A-11D0-8D11-00A0C91BC942}") = "Casting", "Casting\Casting.vcxproj", "{19FD65CC-422D-45AE-9EEA-2A0D0A1851A5}"
EndProject
Project("{8BC9CEB8-8B4A-11D0-8D11-00A0C91BC942}") = "Virtual", "Virtual\Virtual.vcxproj", "{DCBD3378-56DF-4B7C-BAFC-497B5897C794}"
EndProject
Project("{8BC9CEB8-8B4A-11D0-8D11-00A0C91BC942}") = "ClassSize", "ClassSize\ClassSize.vcxproj", "{ABF5853A-D5D3-4756-8508-ABBFDA884DC9}"
EndProject
Project("{8BC9CEB8-8B4A-11D0-8D11-00A0C91BC942}") = "FunctionPointer", "FunctionPointer\FunctionPointer.vcxproj", "{61D7900E-1667-4921-A47F-0AD846D850C1}"
EndProject
Project("{8BC9CEB8-8B4A-11D0-8D11-00A0C91BC942}") = "MemberFunctionPointer", "MemberFunctionPointer\MemberFunctionPointer.vcxproj", "{575B2C7E-46A8-403E-AA05-BC82D3D13E82}"
EndProject
Project("{8BC9CEB8-8B4A-11D0-8D11-00A0C91BC942}") = "VirtualEx", "VirtualEx\VirtualEx.vcxproj", "{DE65F7BB-62B6-412C-A2E7-D074EFB98884}"
EndProject
Project("{8BC9CEB8-8B4A-11D0-8D11-00A0C91BC942}") = "CPlusPlusCasting", "CPlusPlusCasting\CPlusPlusCasting.vcxproj", "{A03AD87D-150B-45B7-954D-04A6B1D61363}"
EndProject
Project("{8BC9CEB8-8B4A-11D0-8D11-00A0C91BC942}") = "NameSpace", "NameSpace\NameSpace.vcxproj", "{6B29A6C2-9D55-4DD4-BE91-633C0B1272DE}"
EndProject
Project("{2150E333-8FDC-42A3-9474-1A3956D46DE8}") = "STL", "STL", "{1F45064D-6F24-4C42-87EA-478E7DCDF882}"
EndProject
Project("{8BC9CEB8-8B4A-11D0-8D11-00A0C91BC942}") = "Vector", "Vector\Vector.vcxproj", "{B72BCA09-4A79-478B-A8DC-772590D64B25}"
EndProject
Project("{8BC9CEB8-8B4A-11D0-8D11-00A0C91BC942}") = "Union", "Union\Union.vcxproj", "{992D35D0-68D0-48E4-9346-7A19BD9B02E9}"
EndProject
Global
	GlobalSection(SolutionConfigurationPlatforms) = preSolution
		Debug|x64 = Debug|x64
		Debug|x86 = Debug|x86
		Release|x64 = Release|x64
		Release|x86 = Release|x86
	EndGlobalSection
	GlobalSection(ProjectConfigurationPlatforms) = postSolution
		{3A810FAA-8475-48A3-BCC6-8A01DB2819A9}.Debug|x64.ActiveCfg = Debug|x64
		{3A810FAA-8475-48A3-BCC6-8A01DB2819A9}.Debug|x64.Build.0 = Debug|x64
		{3A810FAA-8475-48A3-BCC6-8A01DB2819A9}.Debug|x86.ActiveCfg = Debug|Win32
		{3A810FAA-8475-48A3-BCC6-8A01DB2819A9}.Debug|x86.Build.0 = Debug|Win32
		{3A810FAA-8475-48A3-BCC6-8A01DB2819A9}.Release|x64.ActiveCfg = Release|x64
		{3A810FAA-8475-48A3-BCC6-8A01DB2819A9}.Release|x64.Build.0 = Release|x64
		{3A810FAA-8475-48A3-BCC6-8A01DB2819A9}.Release|x86.ActiveCfg = Release|Win32
		{3A810FAA-8475-48A3-BCC6-8A01DB2819A9}.Release|x86.Build.0 = Release|Win32
		{52E1F96B-6F3E-47AF-8595-086E8E166837}.Debug|x64.ActiveCfg = Debug|x64
		{52E1F96B-6F3E-47AF-8595-086E8E166837}.Debug|x64.Build.0 = Debug|x64
		{52E1F96B-6F3E-47AF-8595-086E8E166837}.Debug|x86.ActiveCfg = Debug|Win32
		{52E1F96B-6F3E-47AF-8595-086E8E166837}.Debug|x86.Build.0 = Debug|Win32
		{52E1F96B-6F3E-47AF-8595-086E8E166837}.Release|x64.ActiveCfg = Release|x64
		{52E1F96B-6F3E-47AF-8595-086E8E166837}.Release|x64.Build.0 = Release|x64
		{52E1F96B-6F3E-47AF-8595-086E8E166837}.Release|x86.ActiveCfg = Release|Win32
		{52E1F96B-6F3E-47AF-8595-086E8E166837}.Release|x86.Build.0 = Release|Win32
		{62ABE5FA-A90E-401D-9C4D-626F8D47DA8B}.Debug|x64.ActiveCfg = Debug|x64
		{62ABE5FA-A90E-401D-9C4D-626F8D47DA8B}.Debug|x64.Build.0 = Debug|x64
		{62ABE5FA-A90E-401D-9C4D-626F8D47DA8B}.Debug|x86.ActiveCfg = Debug|Win32
		{62ABE5FA-A90E-401D-9C4D-626F8D47DA8B}.Debug|x86.Build.0 = Debug|Win32
		{62ABE5FA-A90E-401D-9C4D-626F8D47DA8B}.Release|x64.ActiveCfg = Release|x64
		{62ABE5FA-A90E-401D-9C4D-626F8D47DA8B}.Release|x64.Build.0 = Release|x64
		{62ABE5FA-A90E-401D-9C4D-626F8D47DA8B}.Release|x86.ActiveCfg = Release|Win32
		{62ABE5FA-A90E-401D-9C4D-626F8D47DA8B}.Release|x86.Build.0 = Release|Win32
		{19FD65CC-422D-45AE-9EEA-2A0D0A1851A5}.Debug|x64.ActiveCfg = Debug|x64
		{19FD65CC-422D-45AE-9EEA-2A0D0A1851A5}.Debug|x64.Build.0 = Debug|x64
		{19FD65CC-422D-45AE-9EEA-2A0D0A1851A5}.Debug|x86.ActiveCfg = Debug|Win32
		{19FD65CC-422D-45AE-9EEA-2A0D0A1851A5}.Debug|x86.Build.0 = Debug|Win32
		{19FD65CC-422D-45AE-9EEA-2A0D0A1851A5}.Release|x64.ActiveCfg = Release|x64
		{19FD65CC-422D-45AE-9EEA-2A0D0A1851A5}.Release|x64.Build.0 = Release|x64
		{19FD65CC-422D-45AE-9EEA-2A0D0A1851A5}.Release|x86.ActiveCfg = Release|Win32
		{19FD65CC-422D-45AE-9EEA-2A0D0A1851A5}.Release|x86.Build.0 = Release|Win32
		{DCBD3378-56DF-4B7C-BAFC-497B5897C794}.Debug|x64.ActiveCfg = Debug|x64
		{DCBD3378-56DF-4B7C-BAFC-497B5897C794}.Debug|x64.Build.0 = Debug|x64
		{DCBD3378-56DF-4B7C-BAFC-497B5897C794}.Debug|x86.ActiveCfg = Debug|Win32
		{DCBD3378-56DF-4B7C-BAFC-497B5897C794}.Debug|x86.Build.0 = Debug|Win32
		{DCBD3378-56DF-4B7C-BAFC-497B5897C794}.Release|x64.ActiveCfg = Release|x64
		{DCBD3378-56DF-4B7C-BAFC-497B5897C794}.Release|x64.Build.0 = Release|x64
		{DCBD3378-56DF-4B7C-BAFC-497B5897C794}.Release|x86.ActiveCfg = Release|Win32
		{DCBD3378-56DF-4B7C-BAFC-497B5897C794}.Release|x86.Build.0 = Release|Win32
		{ABF5853A-D5D3-4756-8508-ABBFDA884DC9}.Debug|x64.ActiveCfg = Debug|x64
		{ABF5853A-D5D3-4756-8508-ABBFDA884DC9}.Debug|x64.Build.0 = Debug|x64
		{ABF5853A-D5D3-4756-8508-ABBFDA884DC9}.Debug|x86.ActiveCfg = Debug|Win32
		{ABF5853A-D5D3-4756-8508-ABBFDA884DC9}.Debug|x86.Build.0 = Debug|Win32
		{ABF5853A-D5D3-4756-8508-ABBFDA884DC9}.Release|x64.ActiveCfg = Release|x64
		{ABF5853A-D5D3-4756-8508-ABBFDA884DC9}.Release|x64.Build.0 = Release|x64
		{ABF5853A-D5D3-4756-8508-ABBFDA884DC9}.Release|x86.ActiveCfg = Release|Win32
		{ABF5853A-D5D3-4756-8508-ABBFDA884DC9}.Release|x86.Build.0 = Release|Win32
		{61D7900E-1667-4921-A47F-0AD846D850C1}.Debug|x64.ActiveCfg = Debug|x64
		{61D7900E-1667-4921-A47F-0AD846D850C1}.Debug|x64.Build.0 = Debug|x64
		{61D7900E-1667-4921-A47F-0AD846D850C1}.Debug|x86.ActiveCfg = Debug|Win32
		{61D7900E-1667-4921-A47F-0AD846D850C1}.Debug|x86.Build.0 = Debug|Win32
		{61D7900E-1667-4921-A47F-0AD846D850C1}.Release|x64.ActiveCfg = Release|x64
		{61D7900E-1667-4921-A47F-0AD846D850C1}.Release|x64.Build.0 = Release|x64
		{61D7900E-1667-4921-A47F-0AD846D850C1}.Release|x86.ActiveCfg = Release|Win32
		{61D7900E-1667-4921-A47F-0AD846D850C1}.Release|x86.Build.0 = Release|Win32
		{575B2C7E-46A8-403E-AA05-BC82D3D13E82}.Debug|x64.ActiveCfg = Debug|x64
		{575B2C7E-46A8-403E-AA05-BC82D3D13E82}.Debug|x64.Build.0 = Debug|x64
		{575B2C7E-46A8-403E-AA05-BC82D3D13E82}.Debug|x86.ActiveCfg = Debug|Win32
		{575B2C7E-46A8-403E-AA05-BC82D3D13E82}.Debug|x86.Build.0 = Debug|Win32
		{575B2C7E-46A8-403E-AA05-BC82D3D13E82}.Release|x64.ActiveCfg = Release|x64
		{575B2C7E-46A8-403E-AA05-BC82D3D13E82}.Release|x64.Build.0 = Release|x64
		{575B2C7E-46A8-403E-AA05-BC82D3D13E82}.Release|x86.ActiveCfg = Release|Win32
		{575B2C7E-46A8-403E-AA05-BC82D3D13E82}.Release|x86.Build.0 = Release|Win32
		{DE65F7BB-62B6-412C-A2E7-D074EFB98884}.Debug|x64.ActiveCfg = Debug|x64
		{DE65F7BB-62B6-412C-A2E7-D074EFB98884}.Debug|x64.Build.0 = Debug|x64
		{DE65F7BB-62B6-412C-A2E7-D074EFB98884}.Debug|x86.ActiveCfg = Debug|Win32
		{DE65F7BB-62B6-412C-A2E7-D074EFB98884}.Debug|x86.Build.0 = Debug|Win32
		{DE65F7BB-62B6-412C-A2E7-D074EFB98884}.Release|x64.ActiveCfg = Release|x64
		{DE65F7BB-62B6-412C-A2E7-D074EFB98884}.Release|x64.Build.0 = Release|x64
		{DE65F7BB-62B6-412C-A2E7-D074EFB98884}.Release|x86.ActiveCfg = Release|Win32
		{DE65F7BB-62B6-412C-A2E7-D074EFB98884}.Release|x86.Build.0 = Release|Win32
		{A03AD87D-150B-45B7-954D-04A6B1D61363}.Debug|x64.ActiveCfg = Debug|x64
		{A03AD87D-150B-45B7-954D-04A6B1D61363}.Debug|x64.Build.0 = Debug|x64
		{A03AD87D-150B-45B7-954D-04A6B1D61363}.Debug|x86.ActiveCfg = Debug|Win32
		{A03AD87D-150B-45B7-954D-04A6B1D61363}.Debug|x86.Build.0 = Debug|Win32
		{A03AD87D-150B-45B7-954D-04A6B1D61363}.Release|x64.ActiveCfg = Release|x64
		{A03AD87D-150B-45B7-954D-04A6B1D61363}.Release|x64.Build.0 = Release|x64
		{A03AD87D-150B-45B7-954D-04A6B1D61363}.Release|x86.ActiveCfg = Release|Win32
		{A03AD87D-150B-45B7-954D-04A6B1D61363}.Release|x86.Build.0 = Release|Win32
		{6B29A6C2-9D55-4DD4-BE91-633C0B1272DE}.Debug|x64.ActiveCfg = Debug|x64
		{6B29A6C2-9D55-4DD4-BE91-633C0B1272DE}.Debug|x64.Build.0 = Debug|x64
		{6B29A6C2-9D55-4DD4-BE91-633C0B1272DE}.Debug|x86.ActiveCfg = Debug|Win32
		{6B29A6C2-9D55-4DD4-BE91-633C0B1272DE}.Debug|x86.Build.0 = Debug|Win32
		{6B29A6C2-9D55-4DD4-BE91-633C0B1272DE}.Release|x64.ActiveCfg = Release|x64
		{6B29A6C2-9D55-4DD4-BE91-633C0B1272DE}.Release|x64.Build.0 = Release|x64
		{6B29A6C2-9D55-4DD4-BE91-633C0B1272DE}.Release|x86.ActiveCfg = Release|Win32
		{6B29A6C2-9D55-4DD4-BE91-633C0B1272DE}.Release|x86.Build.0 = Release|Win32
		{B72BCA09-4A79-478B-A8DC-772590D64B25}.Debug|x64.ActiveCfg = Debug|x64
		{B72BCA09-4A79-478B-A8DC-772590D64B25}.Debug|x64.Build.0 = Debug|x64
		{B72BCA09-4A79-478B-A8DC-772590D64B25}.Debug|x86.ActiveCfg = Debug|Win32
		{B72BCA09-4A79-478B-A8DC-772590D64B25}.Debug|x86.Build.0 = Debug|Win32
		{B72BCA09-4A79-478B-A8DC-772590D64B25}.Release|x64.ActiveCfg = Release|x64
		{B72BCA09-4A79-478B-A8DC-772590D64B25}.Release|x64.Build.0 = Release|x64
		{B72BCA09-4A79-478B-A8DC-772590D64B25}.Release|x86.ActiveCfg = Release|Win32
		{B72BCA09-4A79-478B-A8DC-772590D64B25}.Release|x86.Build.0 = Release|Win32
		{992D35D0-68D0-48E4-9346-7A19BD9B02E9}.Debug|x64.ActiveCfg = Debug|x64
		{992D35D0-68D0-48E4-9346-7A19BD9B02E9}.Debug|x64.Build.0 = Debug|x64
		{992D35D0-68D0-48E4-9346-7A19BD9B02E9}.Debug|x86.ActiveCfg = Debug|Win32
		{992D35D0-68D0-48E4-9346-7A19BD9B02E9}.Debug|x86.Build.0 = Debug|Win32
		{992D35D0-68D0-48E4-9346-7A19BD9B02E9}.Release|x64.ActiveCfg = Release|x64
		{992D35D0-68D0-48E4-9346-7A19BD9B02E9}.Release|x64.Build.0 = Release|x64
		{992D35D0-68D0-48E4-9346-7A19BD9B02E9}.Release|x86.ActiveCfg = Release|Win32
		{992D35D0-68D0-48E4-9346-7A19BD9B02E9}.Release|x86.Build.0 = Release|Win32
	EndGlobalSection
	GlobalSection(SolutionProperties) = preSolution
		HideSolutionNode = FALSE
	EndGlobalSection
	GlobalSection(NestedProjects) = preSolution
		{B72BCA09-4A79-478B-A8DC-772590D64B25} = {1F45064D-6F24-4C42-87EA-478E7DCDF882}
	EndGlobalSection
	GlobalSection(ExtensibilityGlobals) = postSolution
		SolutionGuid = {9D502E33-8317-4A0D-874D-0DA21EC1FF68}
	EndGlobalSection
EndGlobal
